
Microsoft Visual Studio Solution File, Format Version 12.00
# Visual Studio Version 17
VisualStudioVersion = 17.8.34330.188
MinimumVisualStudioVersion = 10.0.40219.1
Project("{9A19103F-16F7-4668-BE54-9A1E7A4F7556}") = "StoreServices.Api.Author", "StoreServices.Api.Author\StoreServices.Api.Author.csproj", "{717A2B29-1F35-4F37-9E71-A9E0D871417C}"
EndProject
Project("{9A19103F-16F7-4668-BE54-9A1E7A4F7556}") = "StoreServices.Api.Book", "StoreServices.Api.Book\StoreServices.Api.Book.csproj", "{3AD9C676-18F7-44CC-9930-1595AAFC502D}"
EndProject
Project("{9A19103F-16F7-4668-BE54-9A1E7A4F7556}") = "StoreServices.Api.ShoppingCart", "StoreServices.Api.ShoppingCart\StoreServices.Api.ShoppingCart.csproj", "{88FF9C49-32E7-499B-BC80-C225BFA2662B}"
EndProject
Project("{E53339B2-1760-4266-BCC7-CA923CBCF16C}") = "docker-compose", "docker-compose.dcproj", "{F65DF579-2521-4768-B52C-BB2971E95217}"
EndProject
Project("{FAE04EC0-301F-11D3-BF4B-00C04F79EFBC}") = "StoreServices.Api.Gateway", "StoreServices.Api.Gateway\StoreServices.Api.Gateway.csproj", "{88C4E404-24F7-492E-9502-E165F839C661}"
EndProject
Global
	GlobalSection(SolutionConfigurationPlatforms) = preSolution
		Debug|Any CPU = Debug|Any CPU
		Release|Any CPU = Release|Any CPU
	EndGlobalSection
	GlobalSection(ProjectConfigurationPlatforms) = postSolution
		{717A2B29-1F35-4F37-9E71-A9E0D871417C}.Debug|Any CPU.ActiveCfg = Debug|Any CPU
		{717A2B29-1F35-4F37-9E71-A9E0D871417C}.Debug|Any CPU.Build.0 = Debug|Any CPU
		{717A2B29-1F35-4F37-9E71-A9E0D871417C}.Release|Any CPU.ActiveCfg = Release|Any CPU
		{717A2B29-1F35-4F37-9E71-A9E0D871417C}.Release|Any CPU.Build.0 = Release|Any CPU
		{3AD9C676-18F7-44CC-9930-1595AAFC502D}.Debug|Any CPU.ActiveCfg = Debug|Any CPU
		{3AD9C676-18F7-44CC-9930-1595AAFC502D}.Debug|Any CPU.Build.0 = Debug|Any CPU
		{3AD9C676-18F7-44CC-9930-1595AAFC502D}.Release|Any CPU.ActiveCfg = Release|Any CPU
		{3AD9C676-18F7-44CC-9930-1595AAFC502D}.Release|Any CPU.Build.0 = Release|Any CPU
		{88FF9C49-32E7-499B-BC80-C225BFA2662B}.Debug|Any CPU.ActiveCfg = Debug|Any CPU
		{88FF9C49-32E7-499B-BC80-C225BFA2662B}.Debug|Any CPU.Build.0 = Debug|Any CPU
		{88FF9C49-32E7-499B-BC80-C225BFA2662B}.Release|Any CPU.ActiveCfg = Release|Any CPU
		{88FF9C49-32E7-499B-BC80-C225BFA2662B}.Release|Any CPU.Build.0 = Release|Any CPU
		{F65DF579-2521-4768-B52C-BB2971E95217}.Debug|Any CPU.ActiveCfg = Debug|Any CPU
		{F65DF579-2521-4768-B52C-BB2971E95217}.Debug|Any CPU.Build.0 = Debug|Any CPU
		{F65DF579-2521-4768-B52C-BB2971E95217}.Release|Any CPU.ActiveCfg = Release|Any CPU
		{F65DF579-2521-4768-B52C-BB2971E95217}.Release|Any CPU.Build.0 = Release|Any CPU
		{88C4E404-24F7-492E-9502-E165F839C661}.Debug|Any CPU.ActiveCfg = Debug|Any CPU
		{88C4E404-24F7-492E-9502-E165F839C661}.Debug|Any CPU.Build.0 = Debug|Any CPU
		{88C4E404-24F7-492E-9502-E165F839C661}.Release|Any CPU.ActiveCfg = Release|Any CPU
		{88C4E404-24F7-492E-9502-E165F839C661}.Release|Any CPU.Build.0 = Release|Any CPU
	EndGlobalSection
	GlobalSection(SolutionProperties) = preSolution
		HideSolutionNode = FALSE
	EndGlobalSection
	GlobalSection(ExtensibilityGlobals) = postSolution
		SolutionGuid = {6E3B8879-BF00-4091-85F7-FFCEB514702D}
	EndGlobalSection
EndGlobal
